
Microsoft Visual Studio Solution File, Format Version 12.00
# Visual Studio 15
VisualStudioVersion = 15.0.28307.168
MinimumVisualStudioVersion = 10.0.40219.1
Project("{FAE04EC0-301F-11D3-BF4B-00C04F79EFBC}") = "LinkedList", "LinkedList\LinkedList.csproj", "{927D66E6-42C7-4EBA-B8C9-8909DD4E0E9D}"
EndProject
Global
	GlobalSection(SolutionConfigurationPlatforms) = preSolution
		Debug|Any CPU = Debug|Any CPU
		Release|Any CPU = Release|Any CPU
	EndGlobalSection
	GlobalSection(ProjectConfigurationPlatforms) = postSolution
		{927D66E6-42C7-4EBA-B8C9-8909DD4E0E9D}.Debug|Any CPU.ActiveCfg = Debug|Any CPU
		{927D66E6-42C7-4EBA-B8C9-8909DD4E0E9D}.Debug|Any CPU.Build.0 = Debug|Any CPU
		{927D66E6-42C7-4EBA-B8C9-8909DD4E0E9D}.Release|Any CPU.ActiveCfg = Release|Any CPU
		{927D66E6-42C7-4EBA-B8C9-8909DD4E0E9D}.Release|Any CPU.Build.0 = Release|Any CPU
	EndGlobalSection
	GlobalSection(SolutionProperties) = preSolution
		HideSolutionNode = FALSE
	EndGlobalSection
	GlobalSection(ExtensibilityGlobals) = postSolution
		SolutionGuid = {5CE3E2B7-8771-4680-B6EB-40EBD745656E}
	EndGlobalSection
EndGlobal
